
Microsoft Visual Studio Solution File, Format Version 12.00
Project("{FAE04EC0-301F-11D3-BF4B-00C04F79EFBC}") = "PlutoDAO.Gov.Worker", "PlutoDAO.Gov.Worker\PlutoDAO.Gov.Worker.csproj", "{C77BD58F-BA67-4735-A4E9-E6A5550B84D6}"
EndProject
Project("{FAE04EC0-301F-11D3-BF4B-00C04F79EFBC}") = "PlutoDAO.Gov.Worker.Test.Integration", "PlutoDAO.Gov.Worker.Test.Integration\PlutoDAO.Gov.Worker.Test.Integration.csproj", "{808DE672-569B-46B0-89A0-A4AE9327C08B}"
EndProject
Global
	GlobalSection(SolutionConfigurationPlatforms) = preSolution
		Debug|Any CPU = Debug|Any CPU
		Release|Any CPU = Release|Any CPU
	EndGlobalSection
	GlobalSection(ProjectConfigurationPlatforms) = postSolution
		{C77BD58F-BA67-4735-A4E9-E6A5550B84D6}.Debug|Any CPU.ActiveCfg = Debug|Any CPU
		{C77BD58F-BA67-4735-A4E9-E6A5550B84D6}.Debug|Any CPU.Build.0 = Debug|Any CPU
		{C77BD58F-BA67-4735-A4E9-E6A5550B84D6}.Release|Any CPU.ActiveCfg = Release|Any CPU
		{C77BD58F-BA67-4735-A4E9-E6A5550B84D6}.Release|Any CPU.Build.0 = Release|Any CPU
		{808DE672-569B-46B0-89A0-A4AE9327C08B}.Debug|Any CPU.ActiveCfg = Debug|Any CPU
		{808DE672-569B-46B0-89A0-A4AE9327C08B}.Debug|Any CPU.Build.0 = Debug|Any CPU
		{808DE672-569B-46B0-89A0-A4AE9327C08B}.Release|Any CPU.ActiveCfg = Release|Any CPU
		{808DE672-569B-46B0-89A0-A4AE9327C08B}.Release|Any CPU.Build.0 = Release|Any CPU
	EndGlobalSection
EndGlobal
